
Microsoft Visual Studio Solution File, Format Version 12.00
# Visual Studio Version 16
VisualStudioVersion = 16.0.31402.337
MinimumVisualStudioVersion = 10.0.40219.1
Project("{9A19103F-16F7-4668-BE54-9A1E7A4F7556}") = "StoreApp", "StoreApp\StoreApp.csproj", "{BC3B5F59-B102-4980-B66F-0E5436C209BB}"
EndProject
Global
	GlobalSection(SolutionConfigurationPlatforms) = preSolution
		Debug|Any CPU = Debug|Any CPU
		Release|Any CPU = Release|Any CPU
	EndGlobalSection
	GlobalSection(ProjectConfigurationPlatforms) = postSolution
		{BC3B5F59-B102-4980-B66F-0E5436C209BB}.Debug|Any CPU.ActiveCfg = Debug|Any CPU
		{BC3B5F59-B102-4980-B66F-0E5436C209BB}.Debug|Any CPU.Build.0 = Debug|Any CPU
		{BC3B5F59-B102-4980-B66F-0E5436C209BB}.Release|Any CPU.ActiveCfg = Release|Any CPU
		{BC3B5F59-B102-4980-B66F-0E5436C209BB}.Release|Any CPU.Build.0 = Release|Any CPU
	EndGlobalSection
	GlobalSection(SolutionProperties) = preSolution
		HideSolutionNode = FALSE
	EndGlobalSection
	GlobalSection(ExtensibilityGlobals) = postSolution
		SolutionGuid = {F8ACF770-6502-406E-AC69-70AA2EAB26DD}
	EndGlobalSection
EndGlobal
